
Microsoft Visual Studio Solution File, Format Version 12.00
# Visual Studio Version 17
VisualStudioVersion = 17.2.32630.192
MinimumVisualStudioVersion = 10.0.40219.1
Project("{FAE04EC0-301F-11D3-BF4B-00C04F79EFBC}") = "DayOne", "DayOne\DayOne.csproj", "{33A80C3C-369B-47E0-BBC9-79054285BF8B}"
EndProject
Global
	GlobalSection(SolutionConfigurationPlatforms) = preSolution
		Debug|Any CPU = Debug|Any CPU
		Release|Any CPU = Release|Any CPU
	EndGlobalSection
	GlobalSection(ProjectConfigurationPlatforms) = postSolution
		{33A80C3C-369B-47E0-BBC9-79054285BF8B}.Debug|Any CPU.ActiveCfg = Debug|Any CPU
		{33A80C3C-369B-47E0-BBC9-79054285BF8B}.Debug|Any CPU.Build.0 = Debug|Any CPU
		{33A80C3C-369B-47E0-BBC9-79054285BF8B}.Release|Any CPU.ActiveCfg = Release|Any CPU
		{33A80C3C-369B-47E0-BBC9-79054285BF8B}.Release|Any CPU.Build.0 = Release|Any CPU
	EndGlobalSection
	GlobalSection(SolutionProperties) = preSolution
		HideSolutionNode = FALSE
	EndGlobalSection
	GlobalSection(ExtensibilityGlobals) = postSolution
		SolutionGuid = {F6477178-DAB3-49A7-BCC2-9283342F2439}
	EndGlobalSection
EndGlobal
